
Microsoft Visual Studio Solution File, Format Version 12.00
# Visual Studio Version 17
VisualStudioVersion = 17.11.35219.272
MinimumVisualStudioVersion = 10.0.40219.1
Project("{888888A0-9F3D-457C-B088-3A5042F75D52}") = "Funktsioonide print(),input(), float(), int() kasutamine", "Funktsioonide print(),input(), float(), int() kasutamine.pyproj", "{4A1A2449-27DC-4C70-8357-D2965226D3FB}"
EndProject
Global
	GlobalSection(SolutionConfigurationPlatforms) = preSolution
		Debug|Any CPU = Debug|Any CPU
		Release|Any CPU = Release|Any CPU
	EndGlobalSection
	GlobalSection(ProjectConfigurationPlatforms) = postSolution
		{4A1A2449-27DC-4C70-8357-D2965226D3FB}.Debug|Any CPU.ActiveCfg = Debug|Any CPU
		{4A1A2449-27DC-4C70-8357-D2965226D3FB}.Release|Any CPU.ActiveCfg = Release|Any CPU
	EndGlobalSection
	GlobalSection(SolutionProperties) = preSolution
		HideSolutionNode = FALSE
	EndGlobalSection
	GlobalSection(ExtensibilityGlobals) = postSolution
		SolutionGuid = {BB317A41-51A5-4AA2-A388-35C499749E39}
	EndGlobalSection
EndGlobal
